# This file is generated by running "yarn install" inside your project.
# Manual changes might be lost - proceed with caution!

__metadata:
  version: 8
  cacheKey: 10c0

"@babel/runtime@npm:^7.5.5, @babel/runtime@npm:^7.8.7":
  version: 7.26.0
  resolution: "@babel/runtime@npm:7.26.0"
  dependencies:
    regenerator-runtime: "npm:^0.14.0"
  checksum: 10c0/12c01357e0345f89f4f7e8c0e81921f2a3e3e101f06e8eaa18a382b517376520cd2fa8c237726eb094dab25532855df28a7baaf1c26342b52782f6936b07c287
  languageName: node
  linkType: hard

"@radix-ui/primitive@npm:1.1.0":
  version: 1.1.0
  resolution: "@radix-ui/primitive@npm:1.1.0"
  checksum: 10c0/1dcc8b5401799416ff8bdb15c7189b4536c193220ad8fd348a48b88f804ee38cec7bd03e2b9641f7da24610e2f61f23a306911ce883af92c4e8c1abac634cb61
  languageName: node
  linkType: hard

"@radix-ui/react-compose-refs@npm:1.1.0":
  version: 1.1.0
  resolution: "@radix-ui/react-compose-refs@npm:1.1.0"
  peerDependencies:
    "@types/react": "*"
    react: ^16.8 || ^17.0 || ^18.0 || ^19.0 || ^19.0.0-rc
  peerDependenciesMeta:
    "@types/react":
      optional: true
  checksum: 10c0/7e18706084397d9458ca3473d8565b10691da06f6499a78edbcc4bd72cde08f62e91120658d17d58c19fc39d6b1dffe0133cc4535c8f5fce470abd478f6107e5
  languageName: node
  linkType: hard

"@radix-ui/react-context@npm:1.1.1":
  version: 1.1.1
  resolution: "@radix-ui/react-context@npm:1.1.1"
  peerDependencies:
    "@types/react": "*"
    react: ^16.8 || ^17.0 || ^18.0 || ^19.0 || ^19.0.0-rc
  peerDependenciesMeta:
    "@types/react":
      optional: true
  checksum: 10c0/fc4ace9d79d7954c715ade765e06c95d7e1b12a63a536bcbe842fb904f03f88fc5bd6e38d44bd23243d37a270b4c44380fedddaeeae2d274f0b898a20665aba2
  languageName: node
  linkType: hard

"@radix-ui/react-dialog@npm:^1.1.2":
  version: 1.1.2
  resolution: "@radix-ui/react-dialog@npm:1.1.2"
  dependencies:
    "@radix-ui/primitive": "npm:1.1.0"
    "@radix-ui/react-compose-refs": "npm:1.1.0"
    "@radix-ui/react-context": "npm:1.1.1"
    "@radix-ui/react-dismissable-layer": "npm:1.1.1"
    "@radix-ui/react-focus-guards": "npm:1.1.1"
    "@radix-ui/react-focus-scope": "npm:1.1.0"
    "@radix-ui/react-id": "npm:1.1.0"
    "@radix-ui/react-portal": "npm:1.1.2"
    "@radix-ui/react-presence": "npm:1.1.1"
    "@radix-ui/react-primitive": "npm:2.0.0"
    "@radix-ui/react-slot": "npm:1.1.0"
    "@radix-ui/react-use-controllable-state": "npm:1.1.0"
    aria-hidden: "npm:^1.1.1"
    react-remove-scroll: "npm:2.6.0"
  peerDependencies:
    "@types/react": "*"
    "@types/react-dom": "*"
    react: ^16.8 || ^17.0 || ^18.0 || ^19.0 || ^19.0.0-rc
    react-dom: ^16.8 || ^17.0 || ^18.0 || ^19.0 || ^19.0.0-rc
  peerDependenciesMeta:
    "@types/react":
      optional: true
    "@types/react-dom":
      optional: true
  checksum: 10c0/61997c23605ff604ef1673480eea0b63cbe2e102d24e64b71431afa408bfdda26f879193c09254304eb17a8d623085a2e6c96b5c944658c02bd935f8cf0f9546
  languageName: node
  linkType: hard

"@radix-ui/react-dismissable-layer@npm:1.1.1":
  version: 1.1.1
  resolution: "@radix-ui/react-dismissable-layer@npm:1.1.1"
  dependencies:
    "@radix-ui/primitive": "npm:1.1.0"
    "@radix-ui/react-compose-refs": "npm:1.1.0"
    "@radix-ui/react-primitive": "npm:2.0.0"
    "@radix-ui/react-use-callback-ref": "npm:1.1.0"
    "@radix-ui/react-use-escape-keydown": "npm:1.1.0"
  peerDependencies:
    "@types/react": "*"
    "@types/react-dom": "*"
    react: ^16.8 || ^17.0 || ^18.0 || ^19.0 || ^19.0.0-rc
    react-dom: ^16.8 || ^17.0 || ^18.0 || ^19.0 || ^19.0.0-rc
  peerDependenciesMeta:
    "@types/react":
      optional: true
    "@types/react-dom":
      optional: true
  checksum: 10c0/637f8d55437bd2269d5aa9fa48e869eade31082cd950b5efcc5f0d9ed016b46feb7fcfcc115ba9972dba68c4686b57873d84aca67ece76ab77463e7de995f6da
  languageName: node
  linkType: hard

"@radix-ui/react-focus-guards@npm:1.1.1":
  version: 1.1.1
  resolution: "@radix-ui/react-focus-guards@npm:1.1.1"
  peerDependencies:
    "@types/react": "*"
    react: ^16.8 || ^17.0 || ^18.0 || ^19.0 || ^19.0.0-rc
  peerDependenciesMeta:
    "@types/react":
      optional: true
  checksum: 10c0/2e99750ca593083a530542a185d656b45b100752353a7a193a67566e3c256414a76fa9171d152f8c0167b8d6c1fdf62b2e07750d7af2974bf8ef39eb204aa537
  languageName: node
  linkType: hard

"@radix-ui/react-focus-scope@npm:1.1.0":
  version: 1.1.0
  resolution: "@radix-ui/react-focus-scope@npm:1.1.0"
  dependencies:
    "@radix-ui/react-compose-refs": "npm:1.1.0"
    "@radix-ui/react-primitive": "npm:2.0.0"
    "@radix-ui/react-use-callback-ref": "npm:1.1.0"
  peerDependencies:
    "@types/react": "*"
    "@types/react-dom": "*"
    react: ^16.8 || ^17.0 || ^18.0 || ^19.0 || ^19.0.0-rc
    react-dom: ^16.8 || ^17.0 || ^18.0 || ^19.0 || ^19.0.0-rc
  peerDependenciesMeta:
    "@types/react":
      optional: true
    "@types/react-dom":
      optional: true
  checksum: 10c0/2593d4bbd4a3525624675ec1d5a591a44f015f43f449b99a5a33228159b83f445e8f1c6bc6f9f2011387abaeadd3df406623c08d4e795b7ae509795652a1d069
  languageName: node
  linkType: hard

"@radix-ui/react-id@npm:1.1.0":
  version: 1.1.0
  resolution: "@radix-ui/react-id@npm:1.1.0"
  dependencies:
    "@radix-ui/react-use-layout-effect": "npm:1.1.0"
  peerDependencies:
    "@types/react": "*"
    react: ^16.8 || ^17.0 || ^18.0 || ^19.0 || ^19.0.0-rc
  peerDependenciesMeta:
    "@types/react":
      optional: true
  checksum: 10c0/acf13e29e51ee96336837fc0cfecc306328b20b0e0070f6f0f7aa7a621ded4a1ee5537cfad58456f64bae76caa7f8769231e88dc7dc106197347ee433c275a79
  languageName: node
  linkType: hard

"@radix-ui/react-label@npm:^2.1.0":
  version: 2.1.0
  resolution: "@radix-ui/react-label@npm:2.1.0"
  dependencies:
    "@radix-ui/react-primitive": "npm:2.0.0"
  peerDependencies:
    "@types/react": "*"
    "@types/react-dom": "*"
    react: ^16.8 || ^17.0 || ^18.0 || ^19.0 || ^19.0.0-rc
    react-dom: ^16.8 || ^17.0 || ^18.0 || ^19.0 || ^19.0.0-rc
  peerDependenciesMeta:
    "@types/react":
      optional: true
    "@types/react-dom":
      optional: true
  checksum: 10c0/282d3b1b72ff14b431b3bb427d66d14253bbd30fad2437d8f4e7d5c0b6a41f6f7ed157460e02fb91b67b1c8cebc65f2c6fe1d3a32f4459d41238fc0fd4719875
  languageName: node
  linkType: hard

"@radix-ui/react-portal@npm:1.1.2":
  version: 1.1.2
  resolution: "@radix-ui/react-portal@npm:1.1.2"
  dependencies:
    "@radix-ui/react-primitive": "npm:2.0.0"
    "@radix-ui/react-use-layout-effect": "npm:1.1.0"
  peerDependencies:
    "@types/react": "*"
    "@types/react-dom": "*"
    react: ^16.8 || ^17.0 || ^18.0 || ^19.0 || ^19.0.0-rc
    react-dom: ^16.8 || ^17.0 || ^18.0 || ^19.0 || ^19.0.0-rc
  peerDependenciesMeta:
    "@types/react":
      optional: true
    "@types/react-dom":
      optional: true
  checksum: 10c0/836967330893b16b85371775ed1a59e038ce99189f4851cfa976bde2710d704c2a9e49e0a5206e7ac3fcf8a67ddd2d126b8352a88f295d6ef49d04e269736ed1
  languageName: node
  linkType: hard

"@radix-ui/react-presence@npm:1.1.1":
  version: 1.1.1
  resolution: "@radix-ui/react-presence@npm:1.1.1"
  dependencies:
    "@radix-ui/react-compose-refs": "npm:1.1.0"
    "@radix-ui/react-use-layout-effect": "npm:1.1.0"
  peerDependencies:
    "@types/react": "*"
    "@types/react-dom": "*"
    react: ^16.8 || ^17.0 || ^18.0 || ^19.0 || ^19.0.0-rc
    react-dom: ^16.8 || ^17.0 || ^18.0 || ^19.0 || ^19.0.0-rc
  peerDependenciesMeta:
    "@types/react":
      optional: true
    "@types/react-dom":
      optional: true
  checksum: 10c0/777cda0406450ff5ca0e49235e486237723323d046a3382e35a0e78eededccfc95a76a9b5fecd7404dac793264762f4bc10111af1e08f8cc2d4d571d7971220e
  languageName: node
  linkType: hard

"@radix-ui/react-primitive@npm:2.0.0":
  version: 2.0.0
  resolution: "@radix-ui/react-primitive@npm:2.0.0"
  dependencies:
    "@radix-ui/react-slot": "npm:1.1.0"
  peerDependencies:
    "@types/react": "*"
    "@types/react-dom": "*"
    react: ^16.8 || ^17.0 || ^18.0 || ^19.0 || ^19.0.0-rc
    react-dom: ^16.8 || ^17.0 || ^18.0 || ^19.0 || ^19.0.0-rc
  peerDependenciesMeta:
    "@types/react":
      optional: true
    "@types/react-dom":
      optional: true
  checksum: 10c0/00cb6ca499252ca848c299212ba6976171cea7608b10b3f9a9639d6732dea2df1197ba0d97c001a4fdb29313c3e7fc2a490f6245dd3579617a0ffd85ae964fdd
  languageName: node
  linkType: hard

"@radix-ui/react-slot@npm:1.1.0, @radix-ui/react-slot@npm:^1.1.0":
  version: 1.1.0
  resolution: "@radix-ui/react-slot@npm:1.1.0"
  dependencies:
    "@radix-ui/react-compose-refs": "npm:1.1.0"
  peerDependencies:
    "@types/react": "*"
    react: ^16.8 || ^17.0 || ^18.0 || ^19.0 || ^19.0.0-rc
  peerDependenciesMeta:
    "@types/react":
      optional: true
  checksum: 10c0/a2e8bfb70c440506dd84a1a274f9a8bc433cca37ceae275e53552c9122612e3837744d7fc6f113d6ef1a11491aa914f4add71d76de41cb6d4db72547a8e261ae
  languageName: node
  linkType: hard

"@radix-ui/react-use-callback-ref@npm:1.1.0":
  version: 1.1.0
  resolution: "@radix-ui/react-use-callback-ref@npm:1.1.0"
  peerDependencies:
    "@types/react": "*"
    react: ^16.8 || ^17.0 || ^18.0 || ^19.0 || ^19.0.0-rc
  peerDependenciesMeta:
    "@types/react":
      optional: true
  checksum: 10c0/e954863f3baa151faf89ac052a5468b42650efca924417470efd1bd254b411a94c69c30de2fdbb90187b38cb984795978e12e30423dc41e4309d93d53b66d819
  languageName: node
  linkType: hard

"@radix-ui/react-use-controllable-state@npm:1.1.0":
  version: 1.1.0
  resolution: "@radix-ui/react-use-controllable-state@npm:1.1.0"
  dependencies:
    "@radix-ui/react-use-callback-ref": "npm:1.1.0"
  peerDependencies:
    "@types/react": "*"
    react: ^16.8 || ^17.0 || ^18.0 || ^19.0 || ^19.0.0-rc
  peerDependenciesMeta:
    "@types/react":
      optional: true
  checksum: 10c0/2af883b5b25822ac226e60a6bfde647c0123a76345052a90219026059b3f7225844b2c13a9a16fba859c1cda5fb3d057f2a04503f71780e607516492db4eb3a1
  languageName: node
  linkType: hard

"@radix-ui/react-use-escape-keydown@npm:1.1.0":
  version: 1.1.0
  resolution: "@radix-ui/react-use-escape-keydown@npm:1.1.0"
  dependencies:
    "@radix-ui/react-use-callback-ref": "npm:1.1.0"
  peerDependencies:
    "@types/react": "*"
    react: ^16.8 || ^17.0 || ^18.0 || ^19.0 || ^19.0.0-rc
  peerDependenciesMeta:
    "@types/react":
      optional: true
  checksum: 10c0/910fd696e5a0994b0e06b9cb68def8a865f47951a013ec240c77db2a9e1e726105602700ef5e5f01af49f2f18fe0e73164f9a9651021f28538ef8a30d91f3fbb
  languageName: node
  linkType: hard

"@radix-ui/react-use-layout-effect@npm:1.1.0":
  version: 1.1.0
  resolution: "@radix-ui/react-use-layout-effect@npm:1.1.0"
  peerDependencies:
    "@types/react": "*"
    react: ^16.8 || ^17.0 || ^18.0 || ^19.0 || ^19.0.0-rc
  peerDependenciesMeta:
    "@types/react":
      optional: true
  checksum: 10c0/9bf87ece1845c038ed95863cfccf9d75f557c2400d606343bab0ab3192b9806b9840e6aa0a0333fdf3e83cf9982632852192f3e68d7d8367bc8c788dfdf8e62b
  languageName: node
  linkType: hard

"@types/d3-array@npm:^3.0.3":
  version: 3.2.1
  resolution: "@types/d3-array@npm:3.2.1"
  checksum: 10c0/38bf2c778451f4b79ec81a2288cb4312fe3d6449ecdf562970cc339b60f280f31c93a024c7ff512607795e79d3beb0cbda123bb07010167bce32927f71364bca
  languageName: node
  linkType: hard

"@types/d3-color@npm:*":
  version: 3.1.3
  resolution: "@types/d3-color@npm:3.1.3"
  checksum: 10c0/65eb0487de606eb5ad81735a9a5b3142d30bc5ea801ed9b14b77cb14c9b909f718c059f13af341264ee189acf171508053342142bdf99338667cea26a2d8d6ae
  languageName: node
  linkType: hard

"@types/d3-ease@npm:^3.0.0":
  version: 3.0.2
  resolution: "@types/d3-ease@npm:3.0.2"
  checksum: 10c0/aff5a1e572a937ee9bff6465225d7ba27d5e0c976bd9eacdac2e6f10700a7cb0c9ea2597aff6b43a6ed850a3210030870238894a77ec73e309b4a9d0333f099c
  languageName: node
  linkType: hard

"@types/d3-interpolate@npm:^3.0.1":
  version: 3.0.4
  resolution: "@types/d3-interpolate@npm:3.0.4"
  dependencies:
    "@types/d3-color": "npm:*"
  checksum: 10c0/066ebb8da570b518dd332df6b12ae3b1eaa0a7f4f0c702e3c57f812cf529cc3500ec2aac8dc094f31897790346c6b1ebd8cd7a077176727f4860c2b181a65ca4
  languageName: node
  linkType: hard

"@types/d3-path@npm:*":
  version: 3.1.0
  resolution: "@types/d3-path@npm:3.1.0"
  checksum: 10c0/85e8b3aa968a60a5b33198ade06ae7ffedcf9a22d86f24859ff58e014b053ccb7141ec163b78d547bc8215bb12bb54171c666057ab6156912814005b686afb31
  languageName: node
  linkType: hard

"@types/d3-scale@npm:^4.0.2":
  version: 4.0.8
  resolution: "@types/d3-scale@npm:4.0.8"
  dependencies:
    "@types/d3-time": "npm:*"
  checksum: 10c0/57de90e4016f640b83cb960b7e3a0ab3ed02e720898840ddc5105264ffcfea73336161442fdc91895377c2d2f91904d637282f16852b8535b77e15a761c8e99e
  languageName: node
  linkType: hard

"@types/d3-shape@npm:^3.1.0":
  version: 3.1.6
  resolution: "@types/d3-shape@npm:3.1.6"
  dependencies:
    "@types/d3-path": "npm:*"
  checksum: 10c0/0625715925d3c7ed3d44ce998b42c993f063c31605b6e4a8046c4be0fe724e2d214fc83e86d04f429a30a6e1f439053e92b0d9e59e1180c3a5327b4a6e79fa0a
  languageName: node
  linkType: hard

"@types/d3-time@npm:*, @types/d3-time@npm:^3.0.0":
  version: 3.0.3
  resolution: "@types/d3-time@npm:3.0.3"
  checksum: 10c0/245a8aadca504df27edf730de502e47a68f16ae795c86b5ca35e7afa91c133aa9ef4d08778f8cf1ed2be732f89a4105ba4b437ce2afbdfd17d3d937b6ba5f568
  languageName: node
  linkType: hard

"@types/d3-timer@npm:^3.0.0":
  version: 3.0.2
  resolution: "@types/d3-timer@npm:3.0.2"
  checksum: 10c0/c644dd9571fcc62b1aa12c03bcad40571553020feeb5811f1d8a937ac1e65b8a04b759b4873aef610e28b8714ac71c9885a4d6c127a048d95118f7e5b506d9e1
  languageName: node
  linkType: hard

"@types/lodash@npm:^4.17.13":
  version: 4.17.13
  resolution: "@types/lodash@npm:4.17.13"
  checksum: 10c0/c3d0b7efe7933ac0369b99f2f7bff9240d960680fdb74b41ed4bd1b3ca60cca1e31fe4046d9abbde778f941a41bc2a75eb629abf8659fa6c27b66efbbb0802a9
  languageName: node
  linkType: hard

"@types/node@npm:^22.9.1":
  version: 22.9.1
  resolution: "@types/node@npm:22.9.1"
  dependencies:
    undici-types: "npm:~6.19.8"
  checksum: 10c0/ea489ae603aa8874e4e88980aab6f2dad09c755da779c88dd142983bfe9609803c89415ca7781f723072934066f63daf2b3339ef084a8ad1a8079cf3958be243
  languageName: node
  linkType: hard

"@types/prop-types@npm:*":
  version: 15.7.13
  resolution: "@types/prop-types@npm:15.7.13"
  checksum: 10c0/1b20fc67281902c6743379960247bc161f3f0406ffc0df8e7058745a85ea1538612109db0406290512947f9632fe9e10e7337bf0ce6338a91d6c948df16a7c61
  languageName: node
  linkType: hard

"@types/react-dom@npm:^18.3.1":
  version: 18.3.1
  resolution: "@types/react-dom@npm:18.3.1"
  dependencies:
    "@types/react": "npm:*"
  checksum: 10c0/8b416551c60bb6bd8ec10e198c957910cfb271bc3922463040b0d57cf4739cdcd24b13224f8d68f10318926e1ec3cd69af0af79f0291b599a992f8c80d47f1eb
  languageName: node
  linkType: hard

"@types/react@npm:*, @types/react@npm:^18.3.12":
  version: 18.3.12
  resolution: "@types/react@npm:18.3.12"
  dependencies:
    "@types/prop-types": "npm:*"
    csstype: "npm:^3.0.2"
  checksum: 10c0/8bae8d9a41619804561574792e29112b413044eb0d53746dde2b9720c1f9a59f71c895bbd7987cd8ce9500b00786e53bc032dced38cddf42910458e145675290
  languageName: node
  linkType: hard

"aria-hidden@npm:^1.1.1":
  version: 1.2.4
  resolution: "aria-hidden@npm:1.2.4"
  dependencies:
    tslib: "npm:^2.0.0"
  checksum: 10c0/8abcab2e1432efc4db415e97cb3959649ddf52c8fc815d7384f43f3d3abf56f1c12852575d00df9a8927f421d7e0712652dd5f8db244ea57634344e29ecfc74a
  languageName: node
  linkType: hard

"class-variance-authority@npm:^0.7.0":
  version: 0.7.0
  resolution: "class-variance-authority@npm:0.7.0"
  dependencies:
    clsx: "npm:2.0.0"
  checksum: 10c0/e11c57edf4bf50ef1c97bae41d68885afbaaedba26c48b7cc5dfb033390fed7012147e9532168d8c4f3497fce4dff15e20e6e60b8c9c9a4b0fe26b0e804513db
  languageName: node
  linkType: hard

"clsx@npm:2.0.0":
  version: 2.0.0
  resolution: "clsx@npm:2.0.0"
  checksum: 10c0/c09f43b3144a0b7826b6b11b6a111b2c7440831004eecc02d333533c5e58ef0aa5f2dce071d3b25fbb8c8ea97b45df96c74bcc1d51c8c2027eb981931107b0cd
  languageName: node
  linkType: hard

"clsx@npm:^2.0.0, clsx@npm:^2.1.1":
  version: 2.1.1
  resolution: "clsx@npm:2.1.1"
  checksum: 10c0/c4c8eb865f8c82baab07e71bfa8897c73454881c4f99d6bc81585aecd7c441746c1399d08363dc096c550cceaf97bd4ce1e8854e1771e9998d9f94c4fe075839
  languageName: node
  linkType: hard

"csstype@npm:^3.0.2":
  version: 3.1.3
  resolution: "csstype@npm:3.1.3"
  checksum: 10c0/80c089d6f7e0c5b2bd83cf0539ab41474198579584fa10d86d0cafe0642202343cbc119e076a0b1aece191989477081415d66c9fefbf3c957fc2fc4b7009f248
  languageName: node
  linkType: hard

"d3-array@npm:2 - 3, d3-array@npm:2.10.0 - 3, d3-array@npm:^3.1.6":
  version: 3.2.4
  resolution: "d3-array@npm:3.2.4"
  dependencies:
    internmap: "npm:1 - 2"
  checksum: 10c0/08b95e91130f98c1375db0e0af718f4371ccacef7d5d257727fe74f79a24383e79aba280b9ffae655483ffbbad4fd1dec4ade0119d88c4749f388641c8bf8c50
  languageName: node
  linkType: hard

"d3-color@npm:1 - 3":
  version: 3.1.0
  resolution: "d3-color@npm:3.1.0"
  checksum: 10c0/a4e20e1115fa696fce041fbe13fbc80dc4c19150fa72027a7c128ade980bc0eeeba4bcf28c9e21f0bce0e0dbfe7ca5869ef67746541dcfda053e4802ad19783c
  languageName: node
  linkType: hard

"d3-ease@npm:^3.0.1":
  version: 3.0.1
  resolution: "d3-ease@npm:3.0.1"
  checksum: 10c0/fec8ef826c0cc35cda3092c6841e07672868b1839fcaf556e19266a3a37e6bc7977d8298c0fcb9885e7799bfdcef7db1baaba9cd4dcf4bc5e952cf78574a88b0
  languageName: node
  linkType: hard

"d3-format@npm:1 - 3":
  version: 3.1.0
  resolution: "d3-format@npm:3.1.0"
  checksum: 10c0/049f5c0871ebce9859fc5e2f07f336b3c5bfff52a2540e0bac7e703fce567cd9346f4ad1079dd18d6f1e0eaa0599941c1810898926f10ac21a31fd0a34b4aa75
  languageName: node
  linkType: hard

"d3-interpolate@npm:1.2.0 - 3, d3-interpolate@npm:^3.0.1":
  version: 3.0.1
  resolution: "d3-interpolate@npm:3.0.1"
  dependencies:
    d3-color: "npm:1 - 3"
  checksum: 10c0/19f4b4daa8d733906671afff7767c19488f51a43d251f8b7f484d5d3cfc36c663f0a66c38fe91eee30f40327443d799be17169f55a293a3ba949e84e57a33e6a
  languageName: node
  linkType: hard

"d3-path@npm:^3.1.0":
  version: 3.1.0
  resolution: "d3-path@npm:3.1.0"
  checksum: 10c0/dc1d58ec87fa8319bd240cf7689995111a124b141428354e9637aa83059eb12e681f77187e0ada5dedfce346f7e3d1f903467ceb41b379bfd01cd8e31721f5da
  languageName: node
  linkType: hard

"d3-scale@npm:^4.0.2":
  version: 4.0.2
  resolution: "d3-scale@npm:4.0.2"
  dependencies:
    d3-array: "npm:2.10.0 - 3"
    d3-format: "npm:1 - 3"
    d3-interpolate: "npm:1.2.0 - 3"
    d3-time: "npm:2.1.1 - 3"
    d3-time-format: "npm:2 - 4"
  checksum: 10c0/65d9ad8c2641aec30ed5673a7410feb187a224d6ca8d1a520d68a7d6eac9d04caedbff4713d1e8545be33eb7fec5739983a7ab1d22d4e5ad35368c6729d362f1
  languageName: node
  linkType: hard

"d3-shape@npm:^3.1.0":
  version: 3.2.0
  resolution: "d3-shape@npm:3.2.0"
  dependencies:
    d3-path: "npm:^3.1.0"
  checksum: 10c0/f1c9d1f09926daaf6f6193ae3b4c4b5521e81da7d8902d24b38694517c7f527ce3c9a77a9d3a5722ad1e3ff355860b014557b450023d66a944eabf8cfde37132
  languageName: node
  linkType: hard

"d3-time-format@npm:2 - 4":
  version: 4.1.0
  resolution: "d3-time-format@npm:4.1.0"
  dependencies:
    d3-time: "npm:1 - 3"
  checksum: 10c0/735e00fb25a7fd5d418fac350018713ae394eefddb0d745fab12bbff0517f9cdb5f807c7bbe87bb6eeb06249662f8ea84fec075f7d0cd68609735b2ceb29d206
  languageName: node
  linkType: hard

"d3-time@npm:1 - 3, d3-time@npm:2.1.1 - 3, d3-time@npm:^3.0.0":
  version: 3.1.0
  resolution: "d3-time@npm:3.1.0"
  dependencies:
    d3-array: "npm:2 - 3"
  checksum: 10c0/a984f77e1aaeaa182679b46fbf57eceb6ebdb5f67d7578d6f68ef933f8eeb63737c0949991618a8d29472dbf43736c7d7f17c452b2770f8c1271191cba724ca1
  languageName: node
  linkType: hard

"d3-timer@npm:^3.0.1":
  version: 3.0.1
  resolution: "d3-timer@npm:3.0.1"
  checksum: 10c0/d4c63cb4bb5461d7038aac561b097cd1c5673969b27cbdd0e87fa48d9300a538b9e6f39b4a7f0e3592ef4f963d858c8a9f0e92754db73116770856f2fc04561a
  languageName: node
  linkType: hard

"decimal.js-light@npm:^2.4.1":
  version: 2.5.1
  resolution: "decimal.js-light@npm:2.5.1"
  checksum: 10c0/4fd33f535aac9e5bd832796831b65d9ec7914ad129c7437b3ab991b0c2eaaa5a57e654e6174c4a17f1b3895ea366f0c1ab4955cdcdf7cfdcf3ad5a58b456c020
  languageName: node
  linkType: hard

"detect-node-es@npm:^1.1.0":
  version: 1.1.0
  resolution: "detect-node-es@npm:1.1.0"
  checksum: 10c0/e562f00de23f10c27d7119e1af0e7388407eb4b06596a25f6d79a360094a109ff285de317f02b090faae093d314cf6e73ac3214f8a5bb3a0def5bece94557fbe
  languageName: node
  linkType: hard

"dom-helpers@npm:^5.0.1":
  version: 5.2.1
  resolution: "dom-helpers@npm:5.2.1"
  dependencies:
    "@babel/runtime": "npm:^7.8.7"
    csstype: "npm:^3.0.2"
  checksum: 10c0/f735074d66dd759b36b158fa26e9d00c9388ee0e8c9b16af941c38f014a37fc80782de83afefd621681b19ac0501034b4f1c4a3bff5caa1b8667f0212b5e124c
  languageName: node
  linkType: hard

"eventemitter3@npm:^4.0.1":
  version: 4.0.7
  resolution: "eventemitter3@npm:4.0.7"
  checksum: 10c0/5f6d97cbcbac47be798e6355e3a7639a84ee1f7d9b199a07017f1d2f1e2fe236004d14fa5dfaeba661f94ea57805385e326236a6debbc7145c8877fbc0297c6b
  languageName: node
  linkType: hard

"fast-equals@npm:^5.0.1":
  version: 5.0.1
  resolution: "fast-equals@npm:5.0.1"
  checksum: 10c0/d7077b8b681036c2840ed9860a3048e44fc268fad2b525b8f25b43458be0c8ad976152eb4b475de9617170423c5b802121ebb61ed6641c3ac035fadaf805c8c0
  languageName: node
  linkType: hard

"get-nonce@npm:^1.0.0":
  version: 1.0.1
  resolution: "get-nonce@npm:1.0.1"
  checksum: 10c0/2d7df55279060bf0568549e1ffc9b84bc32a32b7541675ca092dce56317cdd1a59a98dcc4072c9f6a980779440139a3221d7486f52c488e69dc0fd27b1efb162
  languageName: node
  linkType: hard

"internmap@npm:1 - 2":
  version: 2.0.3
  resolution: "internmap@npm:2.0.3"
  checksum: 10c0/8cedd57f07bbc22501516fbfc70447f0c6812871d471096fad9ea603516eacc2137b633633daf432c029712df0baefd793686388ddf5737e3ea15074b877f7ed
  languageName: node
  linkType: hard

"invariant@npm:^2.2.4":
  version: 2.2.4
  resolution: "invariant@npm:2.2.4"
  dependencies:
    loose-envify: "npm:^1.0.0"
  checksum: 10c0/5af133a917c0bcf65e84e7f23e779e7abc1cd49cb7fdc62d00d1de74b0d8c1b5ee74ac7766099fb3be1b05b26dfc67bab76a17030d2fe7ea2eef867434362dfc
  languageName: node
  linkType: hard

"js-tokens@npm:^3.0.0 || ^4.0.0":
  version: 4.0.0
  resolution: "js-tokens@npm:4.0.0"
  checksum: 10c0/e248708d377aa058eacf2037b07ded847790e6de892bbad3dac0abba2e759cb9f121b00099a65195616badcb6eca8d14d975cb3e89eb1cfda644756402c8aeed
  languageName: node
  linkType: hard

"lodash@npm:^4.17.21":
  version: 4.17.21
  resolution: "lodash@npm:4.17.21"
  checksum: 10c0/d8cbea072bb08655bb4c989da418994b073a608dffa608b09ac04b43a791b12aeae7cd7ad919aa4c925f33b48490b5cfe6c1f71d827956071dae2e7bb3a6b74c
  languageName: node
  linkType: hard

"loose-envify@npm:^1.0.0, loose-envify@npm:^1.4.0":
  version: 1.4.0
  resolution: "loose-envify@npm:1.4.0"
  dependencies:
    js-tokens: "npm:^3.0.0 || ^4.0.0"
  bin:
    loose-envify: cli.js
  checksum: 10c0/655d110220983c1a4b9c0c679a2e8016d4b67f6e9c7b5435ff5979ecdb20d0813f4dec0a08674fcbdd4846a3f07edbb50a36811fd37930b94aaa0d9daceb017e
  languageName: node
  linkType: hard

"lucide-react@npm:^0.460.0":
  version: 0.460.0
  resolution: "lucide-react@npm:0.460.0"
  peerDependencies:
    react: ^16.5.1 || ^17.0.0 || ^18.0.0 || ^19.0.0-rc
  checksum: 10c0/7f54cbc1ab88276f79cfb8c3ac440de9db013d76e386abc68deda4b04ea51e826f1ad5df22983619b970adff7430d892d4e990dbdf6eceb7243eb2e9a2762704
  languageName: node
  linkType: hard

"object-assign@npm:^4.1.1":
  version: 4.1.1
  resolution: "object-assign@npm:4.1.1"
  checksum: 10c0/1f4df9945120325d041ccf7b86f31e8bcc14e73d29171e37a7903050e96b81323784ec59f93f102ec635bcf6fa8034ba3ea0a8c7e69fa202b87ae3b6cec5a414
  languageName: node
  linkType: hard

"prop-types@npm:^15.6.2, prop-types@npm:^15.8.1":
  version: 15.8.1
  resolution: "prop-types@npm:15.8.1"
  dependencies:
    loose-envify: "npm:^1.4.0"
    object-assign: "npm:^4.1.1"
    react-is: "npm:^16.13.1"
  checksum: 10c0/59ece7ca2fb9838031d73a48d4becb9a7cc1ed10e610517c7d8f19a1e02fa47f7c27d557d8a5702bec3cfeccddc853579832b43f449e54635803f277b1c78077
  languageName: node
  linkType: hard

"react-is@npm:^16.13.1":
  version: 16.13.1
  resolution: "react-is@npm:16.13.1"
  checksum: 10c0/33977da7a5f1a287936a0c85639fec6ca74f4f15ef1e59a6bc20338fc73dc69555381e211f7a3529b8150a1f71e4225525b41b60b52965bda53ce7d47377ada1
  languageName: node
  linkType: hard

"react-is@npm:^18.3.1":
  version: 18.3.1
  resolution: "react-is@npm:18.3.1"
  checksum: 10c0/f2f1e60010c683479e74c63f96b09fb41603527cd131a9959e2aee1e5a8b0caf270b365e5ca77d4a6b18aae659b60a86150bb3979073528877029b35aecd2072
  languageName: node
  linkType: hard

"react-remove-scroll-bar@npm:^2.3.6":
  version: 2.3.6
  resolution: "react-remove-scroll-bar@npm:2.3.6"
  dependencies:
    react-style-singleton: "npm:^2.2.1"
    tslib: "npm:^2.0.0"
  peerDependencies:
    "@types/react": ^16.8.0 || ^17.0.0 || ^18.0.0
    react: ^16.8.0 || ^17.0.0 || ^18.0.0
  peerDependenciesMeta:
    "@types/react":
      optional: true
  checksum: 10c0/4e32ee04bf655a8bd3b4aacf6ffc596ae9eb1b9ba27eef83f7002632ee75371f61516ae62250634a9eae4b2c8fc6f6982d9b182de260f6c11841841e6e2e7515
  languageName: node
  linkType: hard

"react-remove-scroll@npm:2.6.0":
  version: 2.6.0
  resolution: "react-remove-scroll@npm:2.6.0"
  dependencies:
    react-remove-scroll-bar: "npm:^2.3.6"
    react-style-singleton: "npm:^2.2.1"
    tslib: "npm:^2.1.0"
    use-callback-ref: "npm:^1.3.0"
    use-sidecar: "npm:^1.1.2"
  peerDependencies:
    "@types/react": ^16.8.0 || ^17.0.0 || ^18.0.0
    react: ^16.8.0 || ^17.0.0 || ^18.0.0
  peerDependenciesMeta:
    "@types/react":
      optional: true
  checksum: 10c0/c5881c537477d986e8d25d2588a9b6f7fe1254e05946fb4f4b55baeead502b0e1875fc3c42bb6f82736772cd96a50266e41d84e3c4cd25e9525bdfe2d838e96d
  languageName: node
  linkType: hard

"react-smooth@npm:^4.0.0":
  version: 4.0.1
  resolution: "react-smooth@npm:4.0.1"
  dependencies:
    fast-equals: "npm:^5.0.1"
    prop-types: "npm:^15.8.1"
    react-transition-group: "npm:^4.4.5"
  peerDependencies:
    react: ^16.8.0 || ^17.0.0 || ^18.0.0
    react-dom: ^16.8.0 || ^17.0.0 || ^18.0.0
  checksum: 10c0/5c19a2c147798c3de1329d442b1a371139c01113cc108c38c201b63502c329f943ede505c44089d26a6563eaa72a67b845d538d956f34a389b37fd3961308834
  languageName: node
  linkType: hard

"react-style-singleton@npm:^2.2.1":
  version: 2.2.1
  resolution: "react-style-singleton@npm:2.2.1"
  dependencies:
    get-nonce: "npm:^1.0.0"
    invariant: "npm:^2.2.4"
    tslib: "npm:^2.0.0"
  peerDependencies:
    "@types/react": ^16.8.0 || ^17.0.0 || ^18.0.0
    react: ^16.8.0 || ^17.0.0 || ^18.0.0
  peerDependenciesMeta:
    "@types/react":
      optional: true
  checksum: 10c0/6d66f3bdb65e1ec79089f80314da97c9a005087a04ee034255a5de129a4c0d9fd0bf99fa7bf642781ac2dc745ca687aae3de082bd8afdd0d117bc953241e15ad
  languageName: node
  linkType: hard

"react-transition-group@npm:^4.4.5":
  version: 4.4.5
  resolution: "react-transition-group@npm:4.4.5"
  dependencies:
    "@babel/runtime": "npm:^7.5.5"
    dom-helpers: "npm:^5.0.1"
    loose-envify: "npm:^1.4.0"
    prop-types: "npm:^15.6.2"
  peerDependencies:
    react: ">=16.6.0"
    react-dom: ">=16.6.0"
  checksum: 10c0/2ba754ba748faefa15f87c96dfa700d5525054a0141de8c75763aae6734af0740e77e11261a1e8f4ffc08fd9ab78510122e05c21c2d79066c38bb6861a886c82
  languageName: node
  linkType: hard

"recharts-scale@npm:^0.4.4":
  version: 0.4.5
  resolution: "recharts-scale@npm:0.4.5"
  dependencies:
    decimal.js-light: "npm:^2.4.1"
  checksum: 10c0/64ce1fc4ebe62001787bf4dc4cbb779452d33831619309c71c50277c58e8968ffe98941562d9d0d5ffdb02588ebd62f4fe6548fa826110fd458db9c3cc6dadc1
  languageName: node
  linkType: hard

"recharts@npm:^2.13.3":
  version: 2.13.3
  resolution: "recharts@npm:2.13.3"
  dependencies:
    clsx: "npm:^2.0.0"
    eventemitter3: "npm:^4.0.1"
    lodash: "npm:^4.17.21"
    react-is: "npm:^18.3.1"
    react-smooth: "npm:^4.0.0"
    recharts-scale: "npm:^0.4.4"
    tiny-invariant: "npm:^1.3.1"
    victory-vendor: "npm:^36.6.8"
  peerDependencies:
    react: ^16.0.0 || ^17.0.0 || ^18.0.0
    react-dom: ^16.0.0 || ^17.0.0 || ^18.0.0
  checksum: 10c0/67c516cd142da0e5968cf9b723c1bc08c2324ff4c41952d623dfce06e8c13751e1ef885b2e39aaeb5e32595566c8d91633328850adee70ad53bc8685adff456d
  languageName: node
  linkType: hard

"regenerator-runtime@npm:^0.14.0":
  version: 0.14.1
  resolution: "regenerator-runtime@npm:0.14.1"
  checksum: 10c0/1b16eb2c4bceb1665c89de70dcb64126a22bc8eb958feef3cd68fe11ac6d2a4899b5cd1b80b0774c7c03591dc57d16631a7f69d2daa2ec98100e2f29f7ec4cc4
  languageName: node
  linkType: hard

"root-workspace-0b6124@workspace:.":
  version: 0.0.0-use.local
  resolution: "root-workspace-0b6124@workspace:."
  dependencies:
    "@radix-ui/react-dialog": "npm:^1.1.2"
    "@radix-ui/react-label": "npm:^2.1.0"
    "@radix-ui/react-slot": "npm:^1.1.0"
    "@types/lodash": "npm:^4.17.13"
    "@types/node": "npm:^22.9.1"
    "@types/react": "npm:^18.3.12"
    "@types/react-dom": "npm:^18.3.1"
    class-variance-authority: "npm:^0.7.0"
    clsx: "npm:^2.1.1"
    lodash: "npm:^4.17.21"
    lucide-react: "npm:^0.460.0"
    recharts: "npm:^2.13.3"
    tailwind-merge: "npm:^2.5.4"
  languageName: unknown
  linkType: soft

"tailwind-merge@npm:^2.5.4":
  version: 2.5.4
  resolution: "tailwind-merge@npm:2.5.4"
  checksum: 10c0/6c3d2a1d44344f373859f005e6366f0dbd7f66131d330a51dbe823dab08f71c388b2efcbb2b6a2170ca469581d27079c25cd40c234ca1356c4893ae99c2febb3
  languageName: node
  linkType: hard

"tiny-invariant@npm:^1.3.1":
  version: 1.3.3
  resolution: "tiny-invariant@npm:1.3.3"
  checksum: 10c0/65af4a07324b591a059b35269cd696aba21bef2107f29b9f5894d83cc143159a204b299553435b03874ebb5b94d019afa8b8eff241c8a4cfee95872c2e1c1c4a
  languageName: node
  linkType: hard

"tslib@npm:^2.0.0, tslib@npm:^2.1.0":
  version: 2.8.1
  resolution: "tslib@npm:2.8.1"
  checksum: 10c0/9c4759110a19c53f992d9aae23aac5ced636e99887b51b9e61def52611732872ff7668757d4e4c61f19691e36f4da981cd9485e869b4a7408d689f6bf1f14e62
  languageName: node
  linkType: hard

"undici-types@npm:~6.19.8":
  version: 6.19.8
  resolution: "undici-types@npm:6.19.8"
  checksum: 10c0/078afa5990fba110f6824823ace86073b4638f1d5112ee26e790155f481f2a868cc3e0615505b6f4282bdf74a3d8caad715fd809e870c2bb0704e3ea6082f344
  languageName: node
  linkType: hard

"use-callback-ref@npm:^1.3.0":
  version: 1.3.2
  resolution: "use-callback-ref@npm:1.3.2"
  dependencies:
    tslib: "npm:^2.0.0"
  peerDependencies:
    "@types/react": ^16.8.0 || ^17.0.0 || ^18.0.0
    react: ^16.8.0 || ^17.0.0 || ^18.0.0
  peerDependenciesMeta:
    "@types/react":
      optional: true
  checksum: 10c0/d232c37160fe3970c99255da19b5fb5299fb5926a5d6141d928a87feb47732c323d29be2f8137d3b1e5499c70d284cd1d9cfad703cc58179db8be24d7dd8f1f2
  languageName: node
  linkType: hard

"use-sidecar@npm:^1.1.2":
  version: 1.1.2
  resolution: "use-sidecar@npm:1.1.2"
  dependencies:
    detect-node-es: "npm:^1.1.0"
    tslib: "npm:^2.0.0"
  peerDependencies:
    "@types/react": ^16.9.0 || ^17.0.0 || ^18.0.0
    react: ^16.8.0 || ^17.0.0 || ^18.0.0
  peerDependenciesMeta:
    "@types/react":
      optional: true
  checksum: 10c0/89f0018fd9aee1fc17c85ac18c4bf8944d460d453d0d0e04ddbc8eaddf3fa591e9c74a1f8a438a1bff368a7a2417fab380bdb3df899d2194c4375b0982736de0
  languageName: node
  linkType: hard

"victory-vendor@npm:^36.6.8":
  version: 36.9.2
  resolution: "victory-vendor@npm:36.9.2"
  dependencies:
    "@types/d3-array": "npm:^3.0.3"
    "@types/d3-ease": "npm:^3.0.0"
    "@types/d3-interpolate": "npm:^3.0.1"
    "@types/d3-scale": "npm:^4.0.2"
    "@types/d3-shape": "npm:^3.1.0"
    "@types/d3-time": "npm:^3.0.0"
    "@types/d3-timer": "npm:^3.0.0"
    d3-array: "npm:^3.1.6"
    d3-ease: "npm:^3.0.1"
    d3-interpolate: "npm:^3.0.1"
    d3-scale: "npm:^4.0.2"
    d3-shape: "npm:^3.1.0"
    d3-time: "npm:^3.0.0"
    d3-timer: "npm:^3.0.1"
  checksum: 10c0/bad36de3bf4d406834743c2e99a8281d786af324d7e84b7f7a2fc02c27a3779034fb0c3c4707d4c8e68683334d924a67100cfa13985235565e83b9877f8e2ffd
  languageName: node
  linkType: hard
